lockfileVersion: '9.0'

settings:
  autoInstallPeers: true
  excludeLinksFromLockfile: false

importers:

  .:
    dependencies:
      '@hookform/resolvers':
        specifier: ^5.0.1
        version: 5.1.1(react-hook-form@7.57.0(react@19.1.0))
      '@radix-ui/react-accordion':
        specifier: ^1.2.10
        version: 1.2.11(@types/react-dom@19.1.6(@types/react@19.1.8))(@types/react@19.1.8)(react-dom@19.1.0(react@19.1.0))(react@19.1.0)
      '@radix-ui/react-alert-dialog':
        specifier: ^1.1.13
        version: 1.1.14(@types/react-dom@19.1.6(@types/react@19.1.8))(@types/react@19.1.8)(react-dom@19.1.0(react@19.1.0))(react@19.1.0)
      '@radix-ui/react-aspect-ratio':
        specifier: ^1.1.6
        version: 1.1.7(@types/react-dom@19.1.6(@types/react@19.1.8))(@types/react@19.1.8)(react-dom@19.1.0(react@19.1.0))(react@19.1.0)
      '@radix-ui/react-avatar':
        specifier: ^1.1.9
        version: 1.1.10(@types/react-dom@19.1.6(@types/react@19.1.8))(@types/react@19.1.8)(react-dom@19.1.0(react@19.1.0))(react@19.1.0)
      '@radix-ui/react-checkbox':
        specifier: ^1.3.1
        version: 1.3.2(@types/react-dom@19.1.6(@types/react@19.1.8))(@types/react@19.1.8)(react-dom@19.1.0(react@19.1.0))(react@19.1.0)
      '@radix-ui/react-collapsible':
        specifier: ^1.1.10
        version: 1.1.11(@types/react-dom@19.1.6(@types/react@19.1.8))(@types/react@19.1.8)(react-dom@19.1.0(react@19.1.0))(react@19.1.0)
      '@radix-ui/react-context-menu':
        specifier: ^2.2.14
        version: 2.2.15(@types/react-dom@19.1.6(@types/react@19.1.8))(@types/react@19.1.8)(react-dom@19.1.0(react@19.1.0))(react@19.1.0)
      '@radix-ui/react-dialog':
        specifier: ^1.1.13
        version: 1.1.14(@types/react-dom@19.1.6(@types/react@19.1.8))(@types/react@19.1.8)(react-dom@19.1.0(react@19.1.0))(react@19.1.0)
      '@radix-ui/react-dropdown-menu':
        specifier: ^2.1.14
        version: 2.1.15(@types/react-dom@19.1.6(@types/react@19.1.8))(@types/react@19.1.8)(react-dom@19.1.0(react@19.1.0))(react@19.1.0)
      '@radix-ui/react-hover-card':
        specifier: ^1.1.13
        version: 1.1.14(@types/react-dom@19.1.6(@types/react@19.1.8))(@types/react@19.1.8)(react-dom@19.1.0(react@19.1.0))(react@19.1.0)
      '@radix-ui/react-label':
        specifier: ^2.1.6
        version: 2.1.7(@types/react-dom@19.1.6(@types/react@19.1.8))(@types/react@19.1.8)(react-dom@19.1.0(react@19.1.0))(react@19.1.0)
      '@radix-ui/react-menubar':
        specifier: ^1.1.14
        version: 1.1.15(@types/react-dom@19.1.6(@types/react@19.1.8))(@types/react@19.1.8)(react-dom@19.1.0(react@19.1.0))(react@19.1.0)
      '@radix-ui/react-navigation-menu':
        specifier: ^1.2.12
        version: 1.2.13(@types/react-dom@19.1.6(@types/react@19.1.8))(@types/react@19.1.8)(react-dom@19.1.0(react@19.1.0))(react@19.1.0)
      '@radix-ui/react-popover':
        specifier: ^1.1.13
        version: 1.1.14(@types/react-dom@19.1.6(@types/react@19.1.8))(@types/react@19.1.8)(react-dom@19.1.0(react@19.1.0))(react@19.1.0)
      '@radix-ui/react-progress':
        specifier: ^1.1.7
        version: 1.1.7(@types/react-dom@19.1.6(@types/react@19.1.8))(@types/react@19.1.8)(react-dom@19.1.0(react@19.1.0))(react@19.1.0)
      '@radix-ui/react-radio-group':
        specifier: ^1.3.6
        version: 1.3.7(@types/react-dom@19.1.6(@types/react@19.1.8))(@types/react@19.1.8)(react-dom@19.1.0(react@19.1.0))(react@19.1.0)
      '@radix-ui/react-scroll-area':
        specifier: ^1.2.8
        version: 1.2.9(@types/react-dom@19.1.6(@types/react@19.1.8))(@types/react@19.1.8)(react-dom@19.1.0(react@19.1.0))(react@19.1.0)
      '@radix-ui/react-select':
        specifier: ^2.2.4
        version: 2.2.5(@types/react-dom@19.1.6(@types/react@19.1.8))(@types/react@19.1.8)(react-dom@19.1.0(react@19.1.0))(react@19.1.0)
      '@radix-ui/react-separator':
        specifier: ^1.1.6
        version: 1.1.7(@types/react-dom@19.1.6(@types/react@19.1.8))(@types/react@19.1.8)(react-dom@19.1.0(react@19.1.0))(react@19.1.0)
      '@radix-ui/react-slider':
        specifier: ^1.3.4
        version: 1.3.5(@types/react-dom@19.1.6(@types/react@19.1.8))(@types/react@19.1.8)(react-dom@19.1.0(react@19.1.0))(react@19.1.0)
      '@radix-ui/react-slot':
        specifier: ^1.2.2
        version: 1.2.3(@types/react@19.1.8)(react@19.1.0)
      '@radix-ui/react-switch':
        specifier: ^1.2.4
        version: 1.2.5(@types/react-dom@19.1.6(@types/react@19.1.8))(@types/react@19.1.8)(react-dom@19.1.0(react@19.1.0))(react@19.1.0)
      '@radix-ui/react-tabs':
        specifier: ^1.1.11
        version: 1.1.12(@types/react-dom@19.1.6(@types/react@19.1.8))(@types/react@19.1.8)(react-dom@19.1.0(react@19.1.0))(react@19.1.0)
      '@radix-ui/react-toggle':
        specifier: ^1.1.8
        version: 1.1.9(@types/react-dom@19.1.6(@types/react@19.1.8))(@types/react@19.1.8)(react-dom@19.1.0(react@19.1.0))(react@19.1.0)
      '@radix-ui/react-toggle-group':
        specifier: ^1.1.9
        version: 1.1.10(@types/react-dom@19.1.6(@types/react@19.1.8))(@types/react@19.1.8)(react-dom@19.1.0(react@19.1.0))(react@19.1.0)
      '@radix-ui/react-tooltip':
        specifier: ^1.2.6
        version: 1.2.7(@types/react-dom@19.1.6(@types/react@19.1.8))(@types/react@19.1.8)(react-dom@19.1.0(react@19.1.0))(react@19.1.0)
      '@tailwindcss/vite':
        specifier: ^4.1.7
        version: 4.1.10(vite@6.3.5(jiti@2.4.2)(lightningcss@1.30.1))
      class-variance-authority:
        specifier: ^0.7.1
        version: 0.7.1
      clsx:
        specifier: ^2.1.1
        version: 2.1.1
      cmdk:
        specifier: ^1.1.1
        version: 1.1.1(@types/react-dom@19.1.6(@types/react@19.1.8))(@types/react@19.1.8)(react-dom@19.1.0(react@19.1.0))(react@19.1.0)
      date-fns:
        specifier: ^4.1.0
        version: 4.1.0
      embla-carousel-react:
        specifier: ^8.6.0
        version: 8.6.0(react@19.1.0)
      framer-motion:
        specifier: ^12.15.0
        version: 12.18.1(react-dom@19.1.0(react@19.1.0))(react@19.1.0)
      input-otp:
        specifier: ^1.4.2
        version: 1.4.2(react-dom@19.1.0(react@19.1.0))(react@19.1.0)
      lucide-react:
        specifier: ^0.510.0
        version: 0.510.0(react@19.1.0)
      next-themes:
        specifier: ^0.4.6
        version: 0.4.6(react-dom@19.1.0(react@19.1.0))(react@19.1.0)
      react:
        specifier: ^19.1.0
        version: 19.1.0
      react-day-picker:
        specifier: 8.10.1
        version: 8.10.1(date-fns@4.1.0)(react@19.1.0)
      react-dom:
        specifier: ^19.1.0
        version: 19.1.0(react@19.1.0)
      react-hook-form:
        specifier: ^7.56.3
        version: 7.57.0(react@19.1.0)
      react-resizable-panels:
        specifier: ^3.0.2
        version: 3.0.2(react-dom@19.1.0(react@19.1.0))(react@19.1.0)
      react-router-dom:
        specifier: ^7.6.1
        version: 7.6.2(react-dom@19.1.0(react@19.1.0))(react@19.1.0)
      recharts:
        specifier: ^2.15.3
        version: 2.15.3(react-dom@19.1.0(react@19.1.0))(react@19.1.0)
      sonner:
        specifier: ^2.0.3
        version: 2.0.5(react-dom@19.1.0(react@19.1.0))(react@19.1.0)
      tailwind-merge:
        specifier: ^3.3.0
        version: 3.3.1
      tailwindcss:
        specifier: ^4.1.7
        version: 4.1.10
      vaul:
        specifier: ^1.1.2
        version: 1.1.2(@types/react-dom@19.1.6(@types/react@19.1.8))(@types/react@19.1.8)(react-dom@19.1.0(react@19.1.0))(react@19.1.0)
      zod:
        specifier: ^3.24.4
        version: 3.25.64
    devDependencies:
      '@eslint/js':
        specifier: ^9.25.0
        version: 9.29.0
      '@types/react':
        specifier: ^19.1.2
        version: 19.1.8
      '@types/react-dom':
        specifier: ^19.1.2
        version: 19.1.6(@types/react@19.1.8)
      '@vitejs/plugin-react':
        specifier: ^4.4.1
        version: 4.5.2(vite@6.3.5(jiti@2.4.2)(lightningcss@1.30.1))
      autoprefixer:
        specifier: ^10.4.19
        version: 10.4.21(postcss@8.5.5)
      eslint:
        specifier: ^9.25.0
        version: 9.29.0(jiti@2.4.2)
      eslint-plugin-react-hooks:
        specifier: ^5.2.0
        version: 5.2.0(eslint@9.29.0(jiti@2.4.2))
      eslint-plugin-react-refresh:
        specifier: ^0.4.19
        version: 0.4.20(eslint@9.29.0(jiti@2.4.2))
      globals:
        specifier: ^16.0.0
        version: 16.2.0
      tw-animate-css:
        specifier: ^1.2.9
        version: 1.3.4
      vite:
        specifier: ^6.3.5
        version: 6.3.5(jiti@2.4.2)(lightningcss@1.30.1)

packages:

  '@ampproject/remapping@2.3.0':
    resolution: {integrity: sha512-30iZtAPgz+LTIYoeivqYo853f02jBYSd5uGnGpkFV0M3xOt9aN73erkgYAmZU43x4VfqcnLxW9Kpg3R5LC4YYw==}
    engines: {node: '>=6.0.0'}

  '@babel/code-frame@7.27.1':
    resolution: {integrity: sha512-cjQ7ZlQ0Mv3b47hABuTevyTuYN4i+loJKGeV9flcCgIK37cCXRh+L1bd3iBHlynerhQ7BhCkn2BPbQUL+rGqFg==}
    engines: {node: '>=6.9.0'}

  '@babel/compat-data@7.27.5':
    resolution: {integrity: sha512-KiRAp/VoJaWkkte84TvUd9qjdbZAdiqyvMxrGl1N6vzFogKmaLgoM3L1kgtLicp2HP5fBJS8JrZKLVIZGVJAVg==}
    engines: {node: '>=6.9.0'}

  '@babel/core@7.27.4':
    resolution: {integrity: sha512-bXYxrXFubeYdvB0NhD/NBB3Qi6aZeV20GOWVI47t2dkecCEoneR4NPVcb7abpXDEvejgrUfFtG6vG/zxAKmg+g==}
    engines: {node: '>=6.9.0'}

  '@babel/generator@7.27.5':
    resolution: {integrity: sha512-ZGhA37l0e/g2s1Cnzdix0O3aLYm66eF8aufiVteOgnwxgnRP8GoyMj7VWsgWnQbVKXyge7hqrFh2K2TQM6t1Hw==}
    engines: {node: '>=6.9.0'}

  '@babel/helper-compilation-targets@7.27.2':
    resolution: {integrity: sha512-2+1thGUUWWjLTYTHZWK1n8Yga0ijBz1XAhUXcKy81rd5g6yh7hGqMp45v7cadSbEHc9G3OTv45SyneRN3ps4DQ==}
    engines: {node: '>=6.9.0'}

  '@babel/helper-module-imports@7.27.1':
    resolution: {integrity: sha512-0gSFWUPNXNopqtIPQvlD5WgXYI5GY2kP2cCvoT8kczjbfcfuIljTbcWrulD1CIPIX2gt1wghbDy08yE1p+/r3w==}
    engines: {node: '>=6.9.0'}

  '@babel/helper-module-transforms@7.27.3':
    resolution: {integrity: sha512-dSOvYwvyLsWBeIRyOeHXp5vPj5l1I011r52FM1+r1jCERv+aFXYk4whgQccYEGYxK2H3ZAIA8nuPkQ0HaUo3qg==}
    engines: {node: '>=6.9.0'}
    peerDependencies:
      '@babel/core': ^7.0.0

  '@babel/helper-plugin-utils@7.27.1':
    resolution: {integrity: sha512-1gn1Up5YXka3YYAHGKpbideQ5Yjf1tDa9qYcgysz+cNCXukyLl6DjPXhD3VRwSb8c0J9tA4b2+rHEZtc6R0tlw==}
    engines: {node: '>=6.9.0'}

  '@babel/helper-string-parser@7.27.1':
    resolution: {integrity: sha512-qMlSxKbpRlAridDExk92nSobyDdpPijUq2DW6oDnUqd0iOGxmQjyqhMIihI9+zv4LPyZdRje2cavWPbCbWm3eA==}
    engines: {node: '>=6.9.0'}

  '@babel/helper-validator-identifier@7.27.1':
    resolution: {integrity: sha512-D2hP9eA+Sqx1kBZgzxZh0y1trbuU+JoDkiEwqhQ36nodYqJwyEIhPSdMNd7lOm/4io72luTPWH20Yda0xOuUow==}
    engines: {node: '>=6.9.0'}

  '@babel/helper-validator-option@7.27.1':
    resolution: {integrity: sha512-YvjJow9FxbhFFKDSuFnVCe2WxXk1zWc22fFePVNEaWJEu8IrZVlda6N0uHwzZrUM1il7NC9Mlp4MaJYbYd9JSg==}
    engines: {node: '>=6.9.0'}

  '@babel/helpers@7.27.6':
    resolution: {integrity: sha512-muE8Tt8M22638HU31A3CgfSUciwz1fhATfoVai05aPXGor//CdWDCbnlY1yvBPo07njuVOCNGCSp/GTt12lIug==}
    engines: {node: '>=6.9.0'}

  '@babel/parser@7.27.5':
    resolution: {integrity: sha512-OsQd175SxWkGlzbny8J3K8TnnDD0N3lrIUtB92xwyRpzaenGZhxDvxN/JgU00U3CDZNj9tPuDJ5H0WS4Nt3vKg==}
    engines: {node: '>=6.0.0'}
    hasBin: true

  '@babel/plugin-transform-react-jsx-self@7.27.1':
    resolution: {integrity: sha512-6UzkCs+ejGdZ5mFFC/OCUrv028ab2fp1znZmCZjAOBKiBK2jXD1O+BPSfX8X2qjJ75fZBMSnQn3Rq2mrBJK2mw==}
    engines: {node: '>=6.9.0'}
    peerDependencies:
      '@babel/core': ^7.0.0-0

  '@babel/plugin-transform-react-jsx-source@7.27.1':
    resolution: {integrity: sha512-zbwoTsBruTeKB9hSq73ha66iFeJHuaFkUbwvqElnygoNbj/jHRsSeokowZFN3CZ64IvEqcmmkVe89OPXc7ldAw==}
    engines: {node: '>=6.9.0'}
    peerDependencies:
      '@babel/core': ^7.0.0-0

  '@babel/runtime@7.27.6':
    resolution: {integrity: sha512-vbavdySgbTTrmFE+EsiqUTzlOr5bzlnJtUv9PynGCAKvfQqjIXbvFdumPM/GxMDfyuGMJaJAU6TO4zc1Jf1i8Q==}
    engines: {node: '>=6.9.0'}

  '@babel/template@7.27.2':
    resolution: {integrity: sha512-LPDZ85aEJyYSd18/DkjNh4/y1ntkE5KwUHWTiqgRxruuZL2F1yuHligVHLvcHY2vMHXttKFpJn6LwfI7cw7ODw==}
    engines: {node: '>=6.9.0'}

  '@babel/traverse@7.27.4':
    resolution: {integrity: sha512-oNcu2QbHqts9BtOWJosOVJapWjBDSxGCpFvikNR5TGDYDQf3JwpIoMzIKrvfoti93cLfPJEG4tH9SPVeyCGgdA==}
    engines: {node: '>=6.9.0'}

  '@babel/types@7.27.6':
    resolution: {integrity: sha512-ETyHEk2VHHvl9b9jZP5IHPavHYk57EhanlRRuae9XCpb/j5bDCbPPMOBfCWhnl/7EDJz0jEMCi/RhccCE8r1+Q==}
    engines: {node: '>=6.9.0'}

  '@esbuild/aix-ppc64@0.25.5':
    resolution: {integrity: sha512-9o3TMmpmftaCMepOdA5k/yDw8SfInyzWWTjYTFCX3kPSDJMROQTb8jg+h9Cnwnmm1vOzvxN7gIfB5V2ewpjtGA==}
    engines: {node: '>=18'}
    cpu: [ppc64]
    os: [aix]

  '@esbuild/android-arm64@0.25.5':
    resolution: {integrity: sha512-VGzGhj4lJO+TVGV1v8ntCZWJktV7SGCs3Pn1GRWI1SBFtRALoomm8k5E9Pmwg3HOAal2VDc2F9+PM/rEY6oIDg==}
    engines: {node: '>=18'}
    cpu: [arm64]
    os: [android]

  '@esbuild/android-arm@0.25.5':
    resolution: {integrity: sha512-AdJKSPeEHgi7/ZhuIPtcQKr5RQdo6OO2IL87JkianiMYMPbCtot9fxPbrMiBADOWWm3T2si9stAiVsGbTQFkbA==}
    engines: {node: '>=18'}
    cpu: [arm]
    os: [android]

  '@esbuild/android-x64@0.25.5':
    resolution: {integrity: sha512-D2GyJT1kjvO//drbRT3Hib9XPwQeWd9vZoBJn+bu/lVsOZ13cqNdDeqIF/xQ5/VmWvMduP6AmXvylO/PIc2isw==}
    engines: {node: '>=18'}
    cpu: [x64]
    os: [android]

  '@esbuild/darwin-arm64@0.25.5':
    resolution: {integrity: sha512-GtaBgammVvdF7aPIgH2jxMDdivezgFu6iKpmT+48+F8Hhg5J/sfnDieg0aeG/jfSvkYQU2/pceFPDKlqZzwnfQ==}
    engines: {node: '>=18'}
    cpu: [arm64]
    os: [darwin]

  '@esbuild/darwin-x64@0.25.5':
    resolution: {integrity: sha512-1iT4FVL0dJ76/q1wd7XDsXrSW+oLoquptvh4CLR4kITDtqi2e/xwXwdCVH8hVHU43wgJdsq7Gxuzcs6Iq/7bxQ==}
    engines: {node: '>=18'}
    cpu: [x64]
    os: [darwin]

  '@esbuild/freebsd-arm64@0.25.5':
    resolution: {integrity: sha512-nk4tGP3JThz4La38Uy/gzyXtpkPW8zSAmoUhK9xKKXdBCzKODMc2adkB2+8om9BDYugz+uGV7sLmpTYzvmz6Sw==}
    engines: {node: '>=18'}
    cpu: [arm64]
    os: [freebsd]

  '@esbuild/freebsd-x64@0.25.5':
    resolution: {integrity: sha512-PrikaNjiXdR2laW6OIjlbeuCPrPaAl0IwPIaRv+SMV8CiM8i2LqVUHFC1+8eORgWyY7yhQY+2U2fA55mBzReaw==}
    engines: {node: '>=18'}
    cpu: [x64]
    os: [freebsd]

  '@esbuild/linux-arm64@0.25.5':
    resolution: {integrity: sha512-Z9kfb1v6ZlGbWj8EJk9T6czVEjjq2ntSYLY2cw6pAZl4oKtfgQuS4HOq41M/BcoLPzrUbNd+R4BXFyH//nHxVg==}
    engines: {node: '>=18'}
    cpu: [arm64]
    os: [linux]

  '@esbuild/linux-arm@0.25.5':
    resolution: {integrity: sha512-cPzojwW2okgh7ZlRpcBEtsX7WBuqbLrNXqLU89GxWbNt6uIg78ET82qifUy3W6OVww6ZWobWub5oqZOVtwolfw==}
    engines: {node: '>=18'}
    cpu: [arm]
    os: [linux]

  '@esbuild/linux-ia32@0.25.5':
    resolution: {integrity: sha512-sQ7l00M8bSv36GLV95BVAdhJ2QsIbCuCjh/uYrWiMQSUuV+LpXwIqhgJDcvMTj+VsQmqAHL2yYaasENvJ7CDKA==}
    engines: {node: '>=18'}
    cpu: [ia32]
    os: [linux]

  '@esbuild/linux-loong64@0.25.5':
    resolution: {integrity: sha512-0ur7ae16hDUC4OL5iEnDb0tZHDxYmuQyhKhsPBV8f99f6Z9KQM02g33f93rNH5A30agMS46u2HP6qTdEt6Q1kg==}
    engines: {node: '>=18'}
    cpu: [loong64]
    os: [linux]

  '@esbuild/linux-mips64el@0.25.5':
    resolution: {integrity: sha512-kB/66P1OsHO5zLz0i6X0RxlQ+3cu0mkxS3TKFvkb5lin6uwZ/ttOkP3Z8lfR9mJOBk14ZwZ9182SIIWFGNmqmg==}
    engines: {node: '>=18'}
    cpu: [mips64el]
    os: [linux]

  '@esbuild/linux-ppc64@0.25.5':
    resolution: {integrity: sha512-UZCmJ7r9X2fe2D6jBmkLBMQetXPXIsZjQJCjgwpVDz+YMcS6oFR27alkgGv3Oqkv07bxdvw7fyB71/olceJhkQ==}
    engines: {node: '>=18'}
    cpu: [ppc64]
    os: [linux]

  '@esbuild/linux-riscv64@0.25.5':
    resolution: {integrity: sha512-kTxwu4mLyeOlsVIFPfQo+fQJAV9mh24xL+y+Bm6ej067sYANjyEw1dNHmvoqxJUCMnkBdKpvOn0Ahql6+4VyeA==}
    engines: {node: '>=18'}
    cpu: [riscv64]
    os: [linux]

  '@esbuild/linux-s390x@0.25.5':
    resolution: {integrity: sha512-K2dSKTKfmdh78uJ3NcWFiqyRrimfdinS5ErLSn3vluHNeHVnBAFWC8a4X5N+7FgVE1EjXS
(Content truncated due to size limit. Use line ranges to read in chunks)
